<?xml version="1.0" encoding="utf-8"?>
<Project ToolsVersion="4.0" xmlns="http://schemas.microsoft.com/developer/msbuild/2003">
  <ItemGroup>
    <Filter Include="Source Files">
      <UniqueIdentifier>{4FC737F1-C7A5-4376-A066-2A32D752A2FF}</UniqueIdentifier>
      <Extensions>cpp;c;cc;cxx;def;odl;idl;hpj;bat;asm;asmx</Extensions>
    </Filter>
    <Filter Include="Header Files">
      <UniqueIdentifier>{93995380-89BD-4b04-88EB-625FBE52EBFB}</UniqueIdentifier>
      <Extensions>h;hh;hpp;hxx;hm;inl;inc;xsd</Extensions>
    </Filter>
    <Filter Include="Resource Files">
      <UniqueIdentifier>{67DA6AB6-F800-4c08-8B7A-83BB121AAD01}</UniqueIdentifier>
      <Extensions>rc;ico;cur;bmp;dlg;rc2;rct;bin;rgs;gif;jpg;jpeg;jpe;resx;tiff;tif;png;wav;mfcribbon-ms</Extensions>
    </Filter>
  </ItemGroup>
  <ItemGroup>
    <ClCompile Include="Pandemic.cpp" />
    <ClCompile Include="Sources\Cards.cpp">
      <Filter>Source Files</Filter>
    </ClCompile>
    <ClCompile Include="Sources\Player.cpp">
      <Filter>Source Files</Filter>
    </ClCompile>
    <ClCompile Include="Sources\Deck.cpp">
      <Filter>Source Files</Filter>
    </ClCompile>
    <ClCompile Include="Sources\WorldMap.cpp">
      <Filter>Source Files</Filter>
    </ClCompile>
    <ClCompile Include="Sources\GameEngine.cpp">
      <Filter>Source Files</Filter>
    </ClCompile>
    <ClCompile Include="Sources\Tokens.cpp">
      <Filter>Source Files</Filter>
    </ClCompile>
    <ClCompile Include="Sources\Cure.cpp">
      <Filter>Source Files</Filter>
    </ClCompile>
    <ClCompile Include="Sources\DiseaseCubes.cpp">
      <Filter>Source Files</Filter>
    </ClCompile>
    <ClCompile Include="Sources\InfectionLog.cpp">
      <Filter>Source Files</Filter>
    </ClCompile>
    <ClCompile Include="Sources\Markers.cpp">
      <Filter>Source Files</Filter>
    </ClCompile>
  </ItemGroup>
  <ItemGroup>
    <ClInclude Include="Sources\Cards.h">
      <Filter>Header Files</Filter>
    </ClInclude>
    <ClInclude Include="Sources\Pandemic.h">
      <Filter>Header Files</Filter>
    </ClInclude>
    <ClInclude Include="Sources\Player.h">
      <Filter>Header Files</Filter>
    </ClInclude>
    <ClInclude Include="Sources\Deck.h">
      <Filter>Header Files</Filter>
    </ClInclude>
    <ClInclude Include="Sources\WorldMap.h">
      <Filter>Header Files</Filter>
    </ClInclude>
    <ClInclude Include="Sources\GameEngine.h">
      <Filter>Header Files</Filter>
    </ClInclude>
    <ClInclude Include="Sources\Board.h">
      <Filter>Header Files</Filter>
    </ClInclude>
    <ClInclude Include="Sources\Tokens.h">
      <Filter>Header Files</Filter>
    </ClInclude>
    <ClInclude Include="Sources\Cure.h">
      <Filter>Header Files</Filter>
    </ClInclude>
    <ClInclude Include="Sources\DiseaseCubes.h">
      <Filter>Header Files</Filter>
    </ClInclude>
    <ClInclude Include="Sources\Markers.h">
      <Filter>Header Files</Filter>
    </ClInclude>
    <ClInclude Include="Sources\Observers.h">
      <Filter>Header Files</Filter>
    </ClInclude>
    <ClInclude Include="Sources\Subjects.h">
      <Filter>Header Files</Filter>
    </ClInclude>
    <ClInclude Include="Sources\InfectionLog.h">
      <Filter>Header Files</Filter>
    </ClInclude>
  </ItemGroup>
  <ItemGroup>
    <Text Include="..\Notes\ObjectList.txt">
      <Filter>Resource Files</Filter>
    </Text>
    <Text Include="..\Notes\Sequence.txt">
      <Filter>Resource Files</Filter>
    </Text>
    <Text Include="..\Notes\MapDiagram.txt">
      <Filter>Resource Files</Filter>
    </Text>
  </ItemGroup>
</Project>